// !$*UTF8*$!
{
	archiveVersion = 1;
	classes = {
	};
	objectVersion = 56;
	objects = {

/* Begin PBXBuildFile section */
		0081885F2BD94D740075575C /* MineCraftCoordsApp.swift in Sources */ = {isa = PBXBuildFile; fileRef = 0081885E2BD94D740075575C /* MineCraftCoordsApp.swift */; };
		008188612BD94D740075575C /* ContentView.swift in Sources */ = {isa = PBXBuildFile; fileRef = 008188602BD94D740075575C /* ContentView.swift */; };
		008188632BD94D750075575C /* Assets.xcassets in Resources */ = {isa = PBXBuildFile; fileRef = 008188622BD94D750075575C /* Assets.xcassets */; };
		008188662BD94D750075575C /* Preview Assets.xcassets in Resources */ = {isa = PBXBuildFile; fileRef = 008188652BD94D750075575C /* Preview Assets.xcassets */; };
		00889B6D2BDFDDDF00E16322 /* Worlds.swift in Sources */ = {isa = PBXBuildFile; fileRef = 00889B6C2BDFDDDF00E16322 /* Worlds.swift */; };
		00889B6F2BDFDFF300E16322 /* Bookmark.swift in Sources */ = {isa = PBXBuildFile; fileRef = 00889B6E2BDFDFF300E16322 /* Bookmark.swift */; };
		00889B712BDFE22E00E16322 /* minecraft_font.ttf in Resources */ = {isa = PBXBuildFile; fileRef = 00889B702BDFE22E00E16322 /* minecraft_font.ttf */; };
		00889B742BDFEB4E00E16322 /* CreateWorldView.swift in Sources */ = {isa = PBXBuildFile; fileRef = 00889B732BDFEB4E00E16322 /* CreateWorldView.swift */; };
		00E513942BE2900D00DEDCF6 /* WorldView.swift in Sources */ = {isa = PBXBuildFile; fileRef = 00E513932BE2900D00DEDCF6 /* WorldView.swift */; };
		00E513962BE2901C00DEDCF6 /* CreateBookmarkView.swift in Sources */ = {isa = PBXBuildFile; fileRef = 00E513952BE2901C00DEDCF6 /* CreateBookmarkView.swift */; };
/* End PBXBuildFile section */

/* Begin PBXFileReference section */
		0081885B2BD94D740075575C /* MineCraftCoords.app */ = {isa = PBXFileReference; explicitFileType = wrapper.application; includeInIndex = 0; path = MineCraftCoords.app; sourceTree = BUILT_PRODUCTS_DIR; };
		0081885E2BD94D740075575C /* MineCraftCoordsApp.swift */ = {isa = PBXFileReference; lastKnownFileType = sourcecode.swift; path = MineCraftCoordsApp.swift; sourceTree = "<group>"; };
		008188602BD94D740075575C /* ContentView.swift */ = {isa = PBXFileReference; lastKnownFileType = sourcecode.swift; path = ContentView.swift; sourceTree = "<group>"; };
		008188622BD94D750075575C /* Assets.xcassets */ = {isa = PBXFileReference; lastKnownFileType = folder.assetcatalog; path = Assets.xcassets; sourceTree = "<group>"; };
		008188652BD94D750075575C /* Preview Assets.xcassets */ = {isa = PBXFileReference; lastKnownFileType = folder.assetcatalog; path = "Preview Assets.xcassets"; sourceTree = "<group>"; };
		00889B6C2BDFDDDF00E16322 /* Worlds.swift */ = {isa = PBXFileReference; lastKnownFileType = sourcecode.swift; path = Worlds.swift; sourceTree = "<group>"; };
		00889B6E2BDFDFF300E16322 /* Bookmark.swift */ = {isa = PBXFileReference; lastKnownFileType = sourcecode.swift; path = Bookmark.swift; sourceTree = "<group>"; };
		00889B702BDFE22E00E16322 /* minecraft_font.ttf */ = {isa = PBXFileReference; lastKnownFileType = file; path = minecraft_font.ttf; sourceTree = SOURCE_ROOT; };
		00889B722BDFE24600E16322 /* Info.plist */ = {isa = PBXFileReference; lastKnownFileType = text.plist; path = Info.plist; sourceTree = "<group>"; };
		00889B732BDFEB4E00E16322 /* CreateWorldView.swift */ = {isa = PBXFileReference; lastKnownFileType = sourcecode.swift; path = CreateWorldView.swift; sourceTree = "<group>"; };
		00E513932BE2900D00DEDCF6 /* WorldView.swift */ = {isa = PBXFileReference; lastKnownFileType = sourcecode.swift; path = WorldView.swift; sourceTree = "<group>"; };
		00E513952BE2901C00DEDCF6 /* CreateBookmarkView.swift */ = {isa = PBXFileReference; lastKnownFileType = sourcecode.swift; path = CreateBookmarkView.swift; sourceTree = "<group>"; };
/* End PBXFileReference section */

/* Begin PBXFrameworksBuildPhase section */
		008188582BD94D740075575C /* Frameworks */ = {
			isa = PBXFrameworksBuildPhase;
			buildActionMask = 2147483647;
			files = (
			);
			runOnlyForDeploymentPostprocessing = 0;
		};
/* End PBXFrameworksBuildPhase section */

/* Begin PBXGroup section */
		008188522BD94D740075575C = {
			isa = PBXGroup;
			children = (
				0081885D2BD94D740075575C /* MineCraftCoords */,
				0081885C2BD94D740075575C /* Products */,
			);
			sourceTree = "<group>";
		};
		0081885C2BD94D740075575C /* Products */ = {
			isa = PBXGroup;
			children = (
				0081885B2BD94D740075575C /* MineCraftCoords.app */,
			);
			name = Products;
			sourceTree = "<group>";
		};
		0081885D2BD94D740075575C /* MineCraftCoords */ = {
			isa = PBXGroup;
			children = (
				00889B722BDFE24600E16322 /* Info.plist */,
				00889B702BDFE22E00E16322 /* minecraft_font.ttf */,
				0081885E2BD94D740075575C /* MineCraftCoordsApp.swift */,
				008188602BD94D740075575C /* ContentView.swift */,
				00889B732BDFEB4E00E16322 /* CreateWorldView.swift */,
				00889B6C2BDFDDDF00E16322 /* Worlds.swift */,
				00889B6E2BDFDFF300E16322 /* Bookmark.swift */,
				00E513932BE2900D00DEDCF6 /* WorldView.swift */,
				00E513952BE2901C00DEDCF6 /* CreateBookmarkView.swift */,
				008188622BD94D750075575C /* Assets.xcassets */,
				008188642BD94D750075575C /* Preview Content */,
			);
			path = MineCraftCoords;
			sourceTree = "<group>";
		};
		008188642BD94D750075575C /* Preview Content */ = {
			isa = PBXGroup;
			children = (
				008188652BD94D750075575C /* Preview Assets.xcassets */,
			);
			path = "Preview Content";
			sourceTree = "<group>";
		};
/* End PBXGroup section */

/* Begin PBXNativeTarget section */
		0081885A2BD94D740075575C /* MineCraftCoords */ = {
			isa = PBXNativeTarget;
			buildConfigurationList = 008188692BD94D750075575C /* Build configuration list for PBXNativeTarget "MineCraftCoords" */;
			buildPhases = (
				008188572BD94D740075575C /* Sources */,
				008188582BD94D740075575C /* Frameworks */,
				008188592BD94D740075575C /* Resources */,
			);
			buildRules = (
			);
			dependencies = (
			);
			name = MineCraftCoords;
			productName = MineCraftCoords;
			productReference = 0081885B2BD94D740075575C /* MineCraftCoords.app */;
			productType = "com.apple.product-type.application";
		};
/* End PBXNativeTarget section */

/* Begin PBXProject section */
		008188532BD94D740075575C /* Project object */ = {
			isa = PBXProject;
			attributes = {
				BuildIndependentTargetsInParallel = 1;
				LastSwiftUpdateCheck = 1530;
				LastUpgradeCheck = 1530;
				TargetAttributes = {
					0081885A2BD94D740075575C = {
						CreatedOnToolsVersion = 15.3;
					};
				};
			};
			buildConfigurationList = 008188562BD94D740075575C /* Build configuration list for PBXProject "MineCraftCoords" */;
			compatibilityVersion = "Xcode 14.0";
			developmentRegion = en;
			hasScannedForEncodings = 0;
			knownRegions = (
				en,
				Base,
			);
			mainGroup = 008188522BD94D740075575C;
			productRefGroup = 0081885C2BD94D740075575C /* Products */;
			projectDirPath = "";
			projectRoot = "";
			targets = (
				0081885A2BD94D740075575C /* MineCraftCoords */,
			);
		};
/* End PBXProject section */

/* Begin PBXResourcesBuildPhase section */
		008188592BD94D740075575C /* Resources */ = {
			isa = PBXResourcesBuildPhase;
			buildActionMask = 2147483647;
			files = (
				00889B712BDFE22E00E16322 /* minecraft_font.ttf in Resources */,
				008188662BD94D750075575C /* Preview Assets.xcassets in Resources */,
				008188632BD94D750075575C /* Assets.xcassets in Resources */,
			);
			runOnlyForDeploymentPostprocessing = 0;
		};
/* End PBXResourcesBuildPhase section */

/* Begin PBXSourcesBuildPhase section */
		008188572BD94D740075575C /* Sources */ = {
			isa = PBXSourcesBuildPhase;
			buildActionMask = 2147483647;
			files = (
				00889B6D2BDFDDDF00E16322 /* Worlds.swift in Sources */,
				00E513962BE2901C00DEDCF6 /* CreateBookmarkView.swift in Sources */,
				008188612BD94D740075575C /* ContentView.swift in Sources */,
				00889B6F2BDFDFF300E16322 /* Bookmark.swift in Sources */,
				00889B742BDFEB4E00E16322 /* CreateWorldView.swift in Sources */,
				0081885F2BD94D740075575C /* MineCraftCoordsApp.swift in Sources */,
				00E513942BE2900D00DEDCF6 /* WorldView.swift in Sources */,
			);
			runOnlyForDeploymentPostprocessing = 0;
		};
/* End PBXSourcesBuildPhase section */

/* Begin XCBuildConfiguration section */
		008188672BD94D750075575C /* Debug */ = {
			isa = XCBuildConfiguration;
			buildSettings = {
				ALWAYS_SEARCH_USER_PATHS = NO;
				ASSETCATALOG_COMPILER_GENERATE_SWIFT_ASSET_SYMBOL_EXTENSIONS = YES;
				CLANG_ANALYZER_NONNULL = YES;
				CLANG_ANALYZER_NUMBER_OBJECT_CONVERSION = YES_AGGRESSIVE;
				CLANG_CXX_LANGUAGE_STANDARD = "gnu++20";
				CLANG_ENABLE_MODULES = YES;
				CLANG_ENABLE_OBJC_ARC = YES;
				CLANG_ENABLE_OBJC_WEAK = YES;
				CLANG_WARN_BLOCK_CAPTURE_AUTORELEASING = YES;
				CLANG_WARN_BOOL_CONVERSION = YES;
				CLANG_WARN_COMMA = YES;
				CLANG_WARN_CONSTANT_CONVERSION = YES;
				CLANG_WARN_DEPRECATED_OBJC_IMPLEMENTATIONS = YES;
				CLANG_WARN_DIRECT_OBJC_ISA_USAGE = YES_ERROR;
				CLANG_WARN_DOCUMENTATION_COMMENTS = YES;
				CLANG_WARN_EMPTY_BODY = YES;
				CLANG_WARN_ENUM_CONVERSION = YES;
				CLANG_WARN_INFINITE_RECURSION = YES;
				CLANG_WARN_INT_CONVERSION = YES;
				CLANG_WARN_NON_LITERAL_NULL_CONVERSION = YES;
				CLANG_WARN_OBJC_IMPLICIT_RETAIN_SELF = YES;
				CLANG_WARN_OBJC_LITERAL_CONVERSION = YES;
				CLANG_WARN_OBJC_ROOT_CLASS = YES_ERROR;
				CLANG_WARN_QUOTED_INCLUDE_IN_FRAMEWORK_HEADER = YES;
				CLANG_WARN_RANGE_LOOP_ANALYSIS = YES;
				CLANG_WARN_STRICT_PROTOTYPES = YES;
				CLANG_WARN_SUSPICIOUS_MOVE = YES;
				CLANG_WARN_UNGUARDED_AVAILABILITY = YES_AGGRESSIVE;
				CLANG_WARN_UNREACHABLE_CODE = YES;
				CLANG_WARN__DUPLICATE_METHOD_MATCH = YES;
				COPY_PHASE_STRIP = NO;
				DEBUG_INFORMATION_FORMAT = dwarf;
				ENABLE_STRICT_OBJC_MSGSEND = YES;
				ENABLE_TESTABILITY = YES;
				ENABLE_USER_SCRIPT_SANDBOXING = YES;
				GCC_C_LANGUAGE_STANDARD = gnu17;
				GCC_DYNAMIC_NO_PIC = NO;
				GCC_NO_COMMON_BLOCKS = YES;
				GCC_OPTIMIZATION_LEVEL = 0;
				GCC_PREPROCESSOR_DEFINITIONS = (
					"DEBUG=1",
					"$(inherited)",
				);
				GCC_WARN_64_TO_32_BIT_CONVERSION = YES;
				GCC_WARN_ABOUT_RETURN_TYPE = YES_ERROR;
				GCC_WARN_UNDECLARED_SELECTOR = YES;
				GCC_WARN_UNINITIALIZED_AUTOS = YES_AGGRESSIVE;
				GCC_WARN_UNUSED_FUNCTION = YES;
				GCC_WARN_UNUSED_VARIABLE = YES;
				IPHONEOS_DEPLOYMENT_TARGET = 17.4;
				LOCALIZATION_PREFERS_STRING_CATALOGS = YES;
				MTL_ENABLE_DEBUG_INFO = INCLUDE_SOURCE;
				MTL_FAST_MATH = YES;
				ONLY_ACTIVE_ARCH = YES;
				SDKROOT = iphoneos;
				SWIFT_ACTIVE_COMPILATION_CONDITIONS = "DEBUG $(inherited)";
				SWIFT_OPTIMIZATION_LEVEL = "-Onone";
			};
			name = Debug;
		};
		008188682BD94D750075575C /* Release */ = {
			isa = XCBuildConfiguration;
			buildSettings = {
				ALWAYS_SEARCH_USER_PATHS = NO;
				ASSETCATALOG_COMPILER_GENERATE_SWIFT_ASSET_SYMBOL_EXTENSIONS = YES;
				CLANG_ANALYZER_NONNULL = YES;
				CLANG_ANALYZER_NUMBER_OBJECT_CONVERSION = YES_AGGRESSIVE;
				CLANG_CXX_LANGUAGE_STANDARD = "gnu++20";
				CLANG_ENABLE_MODULES = YES;
				CLANG_ENABLE_OBJC_ARC = YES;
				CLANG_ENABLE_OBJC_WEAK = YES;
				CLANG_WARN_BLOCK_CAPTURE_AUTORELEASING = YES;
				CLANG_WARN_BOOL_CONVERSION = YES;
				CLANG_WARN_COMMA = YES;
				CLANG_WARN_CONSTANT_CONVERSION = YES;
				CLANG_WARN_DEPRECATED_OBJC_IMPLEMENTATIONS = YES;
				CLANG_WARN_DIRECT_OBJC_ISA_USAGE = YES_ERROR;
				CLANG_WARN_DOCUMENTATION_COMMENTS = YES;
				CLANG_WARN_EMPTY_BODY = YES;
				CLANG_WARN_ENUM_CONVERSION = YES;
				CLANG_WARN_INFINITE_RECURSION = YES;
				CLANG_WARN_INT_CONVERSION = YES;
				CLANG_WARN_NON_LITERAL_NULL_CONVERSION = YES;
				CLANG_WARN_OBJC_IMPLICIT_RETAIN_SELF = YES;
				CLANG_WARN_OBJC_LITERAL_CONVERSION = YES;
				CLANG_WARN_OBJC_ROOT_CLASS = YES_ERROR;
				CLANG_WARN_QUOTED_INCLUDE_IN_FRAMEWORK_HEADER = YES;
				CLANG_WARN_RANGE_LOOP_ANALYSIS = YES;
				CLANG_WARN_STRICT_PROTOTYPES = YES;
				CLANG_WARN_SUSPICIOUS_MOVE = YES;
				CLANG_WARN_UNGUARDED_AVAILABILITY = YES_AGGRESSIVE;
				CLANG_WARN_UNREACHABLE_CODE = YES;
				CLANG_WARN__DUPLICATE_METHOD_MATCH = YES;
				COPY_PHASE_STRIP = NO;
				DEBUG_INFORMATION_FORMAT = "dwarf-with-dsym";
				ENABLE_NS_ASSERTIONS = NO;
				ENABLE_STRICT_OBJC_MSGSEND = YES;
				ENABLE_USER_SCRIPT_SANDBOXING = YES;
				GCC_C_LANGUAGE_STANDARD = gnu17;
				GCC_NO_COMMON_BLOCKS = YES;
				GCC_WARN_64_TO_32_BIT_CONVERSION = YES;
				GCC_WARN_ABOUT_RETURN_TYPE = YES_ERROR;
				GCC_WARN_UNDECLARED_SELECTOR = YES;
				GCC_WARN_UNINITIALIZED_AUTOS = YES_AGGRESSIVE;
				GCC_WARN_UNUSED_FUNCTION = YES;
				GCC_WARN_UNUSED_VARIABLE = YES;
				IPHONEOS_DEPLOYMENT_TARGET = 17.4;
				LOCALIZATION_PREFERS_STRING_CATALOGS = YES;
				MTL_ENABLE_DEBUG_INFO = NO;
				MTL_FAST_MATH = YES;
				SDKROOT = iphoneos;
				SWIFT_COMPILATION_MODE = wholemodule;
				VALIDATE_PRODUCT = YES;
			};
			name = Release;
		};
		0081886A2BD94D750075575C /* Debug */ = {
			isa = XCBuildConfiguration;
			buildSettings = {
				ASSETCATALOG_COMPILER_APPICON_NAME = AppIcon;
				ASSETCATALOG_COMPILER_GLOBAL_ACCENT_COLOR_NAME = AccentColor;
				CODE_SIGN_STYLE = Automatic;
				CURRENT_PROJECT_VERSION = 1;
				DEVELOPMENT_ASSET_PATHS = "\"MineCraftCoords/Preview Content\"";
				ENABLE_PREVIEWS = YES;
				GENERATE_INFOPLIST_FILE = YES;
				INFOPLIST_FILE = MineCraftCoords/Info.plist;
				INFOPLIST_KEY_UIApplicationSceneManifest_Generation = YES;
				INFOPLIST_KEY_UIApplicationSupportsIndirectInputEvents = YES;
				INFOPLIST_KEY_UILaunchScreen_Generation = YES;
				INFOPLIST_KEY_UISupportedInterfaceOrientations_iPad = "UIInterfaceOrientationPortrait UIInterfaceOrientationPortraitUpsideDown UIInterfaceOrientationLandscapeLeft UIInterfaceOrientationLandscapeRight";
				INFOPLIST_KEY_UISupportedInterfaceOrientations_iPhone = "UIInterfaceOrientationPortrait UIInterfaceOrientationLandscapeLeft UIInterfaceOrientationLandscapeRight";
				LD_RUNPATH_SEARCH_PATHS = (
					"$(inherited)",
					"@executable_path/Frameworks",
				);
				MARKETING_VERSION = 1.0;
				PRODUCT_BUNDLE_IDENTIFIER = edu.otc.MineCraftCoords;
				PRODUCT_NAME = "$(TARGET_NAME)";
				SWIFT_EMIT_LOC_STRINGS = YES;
				SWIFT_VERSION = 5.0;
				TARGETED_DEVICE_FAMILY = "1,2";
			};
			name = Debug;
		};
		0081886B2BD94D750075575C /* Release */ = {
			isa = XCBuildConfiguration;
			buildSettings = {
				ASSETCATALOG_COMPILER_APPICON_NAME = AppIcon;
				ASSETCATALOG_COMPILER_GLOBAL_ACCENT_COLOR_NAME = AccentColor;
				CODE_SIGN_STYLE = Automatic;
				CURRENT_PROJECT_VERSION = 1;
				DEVELOPMENT_ASSET_PATHS = "\"MineCraftCoords/Preview Content\"";
				ENABLE_PREVIEWS = YES;
				GENERATE_INFOPLIST_FILE = YES;
				INFOPLIST_FILE = MineCraftCoords/Info.plist;
				INFOPLIST_KEY_UIApplicationSceneManifest_Generation = YES;
				INFOPLIST_KEY_UIApplicationSupportsIndirectInputEvents = YES;
				INFOPLIST_KEY_UILaunchScreen_Generation = YES;
				INFOPLIST_KEY_UISupportedInterfaceOrientations_iPad = "UIInterfaceOrientationPortrait UIInterfaceOrientationPortraitUpsideDown UIInterfaceOrientationLandscapeLeft UIInterfaceOrientationLandscapeRight";
				INFOPLIST_KEY_UISupportedInterfaceOrientations_iPhone = "UIInterfaceOrientationPortrait UIInterfaceOrientationLandscapeLeft UIInterfaceOrientationLandscapeRight";
				LD_RUNPATH_SEARCH_PATHS = (
					"$(inherited)",
					"@executable_path/Frameworks",
				);
				MARKETING_VERSION = 1.0;
				PRODUCT_BUNDLE_IDENTIFIER = edu.otc.MineCraftCoords;
				PRODUCT_NAME = "$(TARGET_NAME)";
				SWIFT_EMIT_LOC_STRINGS = YES;
				SWIFT_VERSION = 5.0;
				TARGETED_DEVICE_FAMILY = "1,2";
			};
			name = Release;
		};
/* End XCBuildConfiguration section */

/* Begin XCConfigurationList section */
		008188562BD94D740075575C /* Build configuration list for PBXProject "MineCraftCoords" */ = {
			isa = XCConfigurationList;
			buildConfigurations = (
				008188672BD94D750075575C /* Debug */,
				008188682BD94D750075575C /* Release */,
			);
			defaultConfigurationIsVisible = 0;
			defaultConfigurationName = Release;
		};
		008188692BD94D750075575C /* Build configuration list for PBXNativeTarget "MineCraftCoords" */ = {
			isa = XCConfigurationList;
			buildConfigurations = (
				0081886A2BD94D750075575C /* Debug */,
				0081886B2BD94D750075575C /* Release */,
			);
			defaultConfigurationIsVisible = 0;
			defaultConfigurationName = Release;
		};
/* End XCConfigurationList section */
	};
	rootObject = 008188532BD94D740075575C /* Project object */;
}
